// !$*UTF8*$!
{
	archiveVersion = 1;
	classes = {
	};
	objectVersion = 46;
	objects = {

/* Begin PBXBuildFile section */
		104FEC2E15F85CAF00039D90 /* UIKit.framework in Frameworks */ = {isa = PBXBuildFile; fileRef = 104FEC2D15F85CAF00039D90 /* UIKit.framework */; };
		104FEC3015F85CAF00039D90 /* Foundation.framework in Frameworks */ = {isa = PBXBuildFile; fileRef = 104FEC2F15F85CAF00039D90 /* Foundation.framework */; };
		104FEC3215F85CAF00039D90 /* CoreGraphics.framework in Frameworks */ = {isa = PBXBuildFile; fileRef = 104FEC3115F85CAF00039D90 /* CoreGraphics.framework */; };
		10EE5CDC1623C91C00E454BE /* InfoPlist.strings in Resources */ = {isa = PBXBuildFile; fileRef = 10EE5CDA1623C91C00E454BE /* InfoPlist.strings */; };
		10EE5CDF1623C93000E454BE /* DayFiveApp-Info.plist in Resources */ = {isa = PBXBuildFile; fileRef = 10EE5CDD1623C93000E454BE /* DayFiveApp-Info.plist */; };
		10EE5CE11623C93C00E454BE /* main.m in Sources */ = {isa = PBXBuildFile; fileRef = 10EE5CE01623C93C00E454BE /* main.m */; };
		10EE5CE81623C94C00E454BE /* AppDelegate.m in Sources */ = {isa = PBXBuildFile; fileRef = 10EE5CE31623C94C00E454BE /* AppDelegate.m */; };
		10EE5CE91623C94C00E454BE /* SecondViewController.m in Sources */ = {isa = PBXBuildFile; fileRef = 10EE5CE51623C94C00E454BE /* SecondViewController.m */; };
		10EE5CEA1623C94C00E454BE /* ViewController.m in Sources */ = {isa = PBXBuildFile; fileRef = 10EE5CE71623C94C00E454BE /* ViewController.m */; };
		10EE5CED1623C9A700E454BE /* MainStoryboard.storyboard in Resources */ = {isa = PBXBuildFile; fileRef = 10EE5CEB1623C9A700E454BE /* MainStoryboard.storyboard */; };
/* End PBXBuildFile section */

/* Begin PBXFileReference section */
		104FEC2915F85CAF00039D90 /* DayFiveApp.app */ = {isa = PBXFileReference; explicitFileType = wrapper.application; includeInIndex = 0; path = DayFiveApp.app; sourceTree = BUILT_PRODUCTS_DIR; };
		104FEC2D15F85CAF00039D90 /* UIKit.framework */ = {isa = PBXFileReference; lastKnownFileType = wrapper.framework; name = UIKit.framework; path = System/Library/Frameworks/UIKit.framework; sourceTree = SDKROOT; };
		104FEC2F15F85CAF00039D90 /* Foundation.framework */ = {isa = PBXFileReference; lastKnownFileType = wrapper.framework; name = Foundation.framework; path = System/Library/Frameworks/Foundation.framework; sourceTree = SDKROOT; };
		104FEC3115F85CAF00039D90 /* CoreGraphics.framework */ = {isa = PBXFileReference; lastKnownFileType = wrapper.framework; name = CoreGraphics.framework; path = System/Library/Frameworks/CoreGraphics.framework; sourceTree = SDKROOT; };
		10EE5CDB1623C91C00E454BE /* en */ = {isa = PBXFileReference; lastKnownFileType = text.plist.strings; name = en; path = DayFiveApp/en.lproj/InfoPlist.strings; sourceTree = "<group>"; };
		10EE5CDD1623C93000E454BE /* DayFiveApp-Info.plist */ = {isa = PBXFileReference; fileEncoding = 4; lastKnownFileType = text.plist.xml; name = "DayFiveApp-Info.plist"; path = "DayFiveApp/DayFiveApp-Info.plist"; sourceTree = "<group>"; };
		10EE5CDE1623C93000E454BE /* DayFiveApp-Prefix.pch */ = {isa = PBXFileReference; fileEncoding = 4; lastKnownFileType = sourcecode.c.h; name = "DayFiveApp-Prefix.pch"; path = "DayFiveApp/DayFiveApp-Prefix.pch"; sourceTree = "<group>"; };
		10EE5CE01623C93C00E454BE /* main.m */ = {isa = PBXFileReference; fileEncoding = 4; lastKnownFileType = sourcecode.c.objc; name = main.m; path = DayFiveApp/main.m; sourceTree = "<group>"; };
		10EE5CE21623C94C00E454BE /* AppDelegate.h */ = {isa = PBXFileReference; fileEncoding = 4; lastKnownFileType = sourcecode.c.h; name = AppDelegate.h; path = DayFiveApp/AppDelegate.h; sourceTree = "<group>"; };
		10EE5CE31623C94C00E454BE /* AppDelegate.m */ = {isa = PBXFileReference; fileEncoding = 4; lastKnownFileType = sourcecode.c.objc; name = AppDelegate.m; path = DayFiveApp/AppDelegate.m; sourceTree = "<group>"; };
		10EE5CE41623C94C00E454BE /* SecondViewController.h */ = {isa = PBXFileReference; fileEncoding = 4; lastKnownFileType = sourcecode.c.h; name = SecondViewController.h; path = DayFiveApp/SecondViewController.h; sourceTree = "<group>"; };
		10EE5CE51623C94C00E454BE /* SecondViewController.m */ = {isa = PBXFileReference; fileEncoding = 4; lastKnownFileType = sourcecode.c.objc; name = SecondViewController.m; path = DayFiveApp/SecondViewController.m; sourceTree = "<group>"; };
		10EE5CE61623C94C00E454BE /* ViewController.h */ = {isa = PBXFileReference; fileEncoding = 4; lastKnownFileType = sourcecode.c.h; name = ViewController.h; path = DayFiveApp/ViewController.h; sourceTree = "<group>"; };
		10EE5CE71623C94C00E454BE /* ViewController.m */ = {isa = PBXFileReference; fileEncoding = 4; lastKnownFileType = sourcecode.c.objc; name = ViewController.m; path = DayFiveApp/ViewController.m; sourceTree = "<group>"; };
		10EE5CEC1623C9A700E454BE /* en */ = {isa = PBXFileReference; lastKnownFileType = file.storyboard; name = en; path = DayFiveApp/en.lproj/MainStoryboard.storyboard; sourceTree = "<group>"; };
/* End PBXFileReference section */

/* Begin PBXFrameworksBuildPhase section */
		104FEC2615F85CAF00039D90 /* Frameworks */ = {
			isa = PBXFrameworksBuildPhase;
			buildActionMask = 2147483647;
			files = (
				104FEC2E15F85CAF00039D90 /* UIKit.framework in Frameworks */,
				104FEC3015F85CAF00039D90 /* Foundation.framework in Frameworks */,
				104FEC3215F85CAF00039D90 /* CoreGraphics.framework in Frameworks */,
			);
			runOnlyForDeploymentPostprocessing = 0;
		};
/* End PBXFrameworksBuildPhase section */

/* Begin PBXGroup section */
		104FEC1E15F85CAF00039D90 = {
			isa = PBXGroup;
			children = (
				104FEC6A15F94B8100039D90 /* DayFiveApp */,
				104FEC2C15F85CAF00039D90 /* Frameworks */,
				104FEC2A15F85CAF00039D90 /* Products */,
			);
			sourceTree = "<group>";
		};
		104FEC2A15F85CAF00039D90 /* Products */ = {
			isa = PBXGroup;
			children = (
				104FEC2915F85CAF00039D90 /* DayFiveApp.app */,
			);
			name = Products;
			sourceTree = "<group>";
		};
		104FEC2C15F85CAF00039D90 /* Frameworks */ = {
			isa = PBXGroup;
			children = (
				104FEC2D15F85CAF00039D90 /* UIKit.framework */,
				104FEC2F15F85CAF00039D90 /* Foundation.framework */,
				104FEC3115F85CAF00039D90 /* CoreGraphics.framework */,
			);
			name = Frameworks;
			sourceTree = "<group>";
		};
		104FEC6A15F94B8100039D90 /* DayFiveApp */ = {
			isa = PBXGroup;
			children = (
				10EE5CEB1623C9A700E454BE /* MainStoryboard.storyboard */,
				10EE5CE21623C94C00E454BE /* AppDelegate.h */,
				10EE5CE31623C94C00E454BE /* AppDelegate.m */,
				10EE5CE41623C94C00E454BE /* SecondViewController.h */,
				10EE5CE51623C94C00E454BE /* SecondViewController.m */,
				10EE5CE61623C94C00E454BE /* ViewController.h */,
				10EE5CE71623C94C00E454BE /* ViewController.m */,
				104FEC7715F94C7300039D90 /* Supporting Files */,
			);
			name = DayFiveApp;
			sourceTree = "<group>";
		};
		104FEC7715F94C7300039D90 /* Supporting Files */ = {
			isa = PBXGroup;
			children = (
				10EE5CE01623C93C00E454BE /* main.m */,
				10EE5CDD1623C93000E454BE /* DayFiveApp-Info.plist */,
				10EE5CDE1623C93000E454BE /* DayFiveApp-Prefix.pch */,
				10EE5CDA1623C91C00E454BE /* InfoPlist.strings */,
			);
			name = "Supporting Files";
			sourceTree = "<group>";
		};
/* End PBXGroup section */

/* Begin PBXNativeTarget section */
		104FEC2815F85CAF00039D90 /* DayFiveApp */ = {
			isa = PBXNativeTarget;
			buildConfigurationList = 104FEC4715F85CAF00039D90 /* Build configuration list for PBXNativeTarget "DayFiveApp" */;
			buildPhases = (
				104FEC2515F85CAF00039D90 /* Sources */,
				104FEC2615F85CAF00039D90 /* Frameworks */,
				104FEC2715F85CAF00039D90 /* Resources */,
			);
			buildRules = (
			);
			dependencies = (
			);
			name = DayFiveApp;
			productName = DayThreeApp;
			productReference = 104FEC2915F85CAF00039D90 /* DayFiveApp.app */;
			productType = "com.apple.product-type.application";
		};
/* End PBXNativeTarget section */

/* Begin PBXProject section */
		104FEC2015F85CAF00039D90 /* Project object */ = {
			isa = PBXProject;
			attributes = {
				LastUpgradeCheck = 0440;
				ORGANIZATIONNAME = 31DaysOfiOSt;
			};
			buildConfigurationList = 104FEC2315F85CAF00039D90 /* Build configuration list for PBXProject "DayFiveApp" */;
			compatibilityVersion = "Xcode 3.2";
			developmentRegion = English;
			hasScannedForEncodings = 0;
			knownRegions = (
				en,
			);
			mainGroup = 104FEC1E15F85CAF00039D90;
			productRefGroup = 104FEC2A15F85CAF00039D90 /* Products */;
			projectDirPath = "";
			projectRoot = "";
			targets = (
				104FEC2815F85CAF00039D90 /* DayFiveApp */,
			);
		};
/* End PBXProject section */

/* Begin PBXResourcesBuildPhase section */
		104FEC2715F85CAF00039D90 /* Resources */ = {
			isa = PBXResourcesBuildPhase;
			buildActionMask = 2147483647;
			files = (
				10EE5CDC1623C91C00E454BE /* InfoPlist.strings in Resources */,
				10EE5CDF1623C93000E454BE /* DayFiveApp-Info.plist in Resources */,
				10EE5CED1623C9A700E454BE /* MainStoryboard.storyboard in Resources */,
			);
			runOnlyForDeploymentPostprocessing = 0;
		};
/* End PBXResourcesBuildPhase section */

/* Begin PBXSourcesBuildPhase section */
		104FEC2515F85CAF00039D90 /* Sources */ = {
			isa = PBXSourcesBuildPhase;
			buildActionMask = 2147483647;
			files = (
				10EE5CE11623C93C00E454BE /* main.m in Sources */,
				10EE5CE81623C94C00E454BE /* AppDelegate.m in Sources */,
				10EE5CE91623C94C00E454BE /* SecondViewController.m in Sources */,
				10EE5CEA1623C94C00E454BE /* ViewController.m in Sources */,
			);
			runOnlyForDeploymentPostprocessing = 0;
		};
/* End PBXSourcesBuildPhase section */

/* Begin PBXVariantGroup section */
		10EE5CDA1623C91C00E454BE /* InfoPlist.strings */ = {
			isa = PBXVariantGroup;
			children = (
				10EE5CDB1623C91C00E454BE /* en */,
			);
			name = InfoPlist.strings;
			sourceTree = "<group>";
		};
		10EE5CEB1623C9A700E454BE /* MainStoryboard.storyboard */ = {
			isa = PBXVariantGroup;
			children = (
				10EE5CEC1623C9A700E454BE /* en */,
			);
			name = MainStoryboard.storyboard;
			sourceTree = "<group>";
		};
/* End PBXVariantGroup section */

/* Begin XCBuildConfiguration section */
		104FEC4515F85CAF00039D90 /* Debug */ = {
			isa = XCBuildConfiguration;
			buildSettings = {
				ALWAYS_SEARCH_USER_PATHS = NO;
				ARCHS = "$(ARCHS_STANDARD_32_BIT)";
				CLANG_CXX_LANGUAGE_STANDARD = "gnu++0x";
				CLANG_ENABLE_OBJC_ARC = YES;
				CLANG_WARN__DUPLICATE_METHOD_MATCH = YES;
				"CODE_SIGN_IDENTITY[sdk=iphoneos*]" = "iPhone Developer";
				COPY_PHASE_STRIP = NO;
				GCC_C_LANGUAGE_STANDARD = gnu99;
				GCC_DYNAMIC_NO_PIC = NO;
				GCC_OPTIMIZATION_LEVEL = 0;
				GCC_PREPROCESSOR_DEFINITIONS = (
					"DEBUG=1",
					"$(inherited)",
				);
				GCC_SYMBOLS_PRIVATE_EXTERN = NO;
				GCC_VERSION = com.apple.compilers.llvm.clang.1_0;
				GCC_WARN_ABOUT_RETURN_TYPE = YES;
				GCC_WARN_UNINITIALIZED_AUTOS = YES;
				GCC_WARN_UNUSED_VARIABLE = YES;
				IPHONEOS_DEPLOYMENT_TARGET = 5.1;
				SDKROOT = iphoneos;
			};
			name = Debug;
		};
		104FEC4615F85CAF00039D90 /* Release */ = {
			isa = XCBuildConfiguration;
			buildSettings = {
				ALWAYS_SEARCH_USER_PATHS = NO;
				ARCHS = "$(ARCHS_STANDARD_32_BIT)";
				CLANG_CXX_LANGUAGE_STANDARD = "gnu++0x";
				CLANG_ENABLE_OBJC_ARC = YES;
				CLANG_WARN__DUPLICATE_METHOD_MATCH = YES;
				"CODE_SIGN_IDENTITY[sdk=iphoneos*]" = "iPhone Developer";
				COPY_PHASE_STRIP = YES;
				GCC_C_LANGUAGE_STANDARD = gnu99;
				GCC_VERSION = com.apple.compilers.llvm.clang.1_0;
				GCC_WARN_ABOUT_RETURN_TYPE = YES;
				GCC_WARN_UNINITIALIZED_AUTOS = YES;
				GCC_WARN_UNUSED_VARIABLE = YES;
				IPHONEOS_DEPLOYMENT_TARGET = 5.1;
				OTHER_CFLAGS = "-DNS_BLOCK_ASSERTIONS=1";
				SDKROOT = iphoneos;
				VALIDATE_PRODUCT = YES;
			};
			name = Release;
		};
		104FEC4815F85CAF00039D90 /* Debug */ = {
			isa = XCBuildConfiguration;
			buildSettings = {
				GCC_PRECOMPILE_PREFIX_HEADER = YES;
				GCC_PREFIX_HEADER = "DayFiveApp/DayFiveApp-Prefix.pch";
				INFOPLIST_FILE = "DayFiveApp/DayFiveApp-Info.plist";
				PRODUCT_NAME = DayFiveApp;
				WRAPPER_EXTENSION = app;
			};
			name = Debug;
		};
		104FEC4915F85CAF00039D90 /* Release */ = {
			isa = XCBuildConfiguration;
			buildSettings = {
				GCC_PRECOMPILE_PREFIX_HEADER = YES;
				GCC_PREFIX_HEADER = "DayFiveApp/DayFiveApp-Prefix.pch";
				INFOPLIST_FILE = "DayFiveApp/DayFiveApp-Info.plist";
				PRODUCT_NAME = DayFiveApp;
				WRAPPER_EXTENSION = app;
			};
			name = Release;
		};
/* End XCBuildConfiguration section */

/* Begin XCConfigurationList section */
		104FEC2315F85CAF00039D90 /* Build configuration list for PBXProject "DayFiveApp" */ = {
			isa = XCConfigurationList;
			buildConfigurations = (
				104FEC4515F85CAF00039D90 /* Debug */,
				104FEC4615F85CAF00039D90 /* Release */,
			);
			defaultConfigurationIsVisible = 0;
			defaultConfigurationName = Release;
		};
		104FEC4715F85CAF00039D90 /* Build configuration list for PBXNativeTarget "DayFiveApp" */ = {
			isa = XCConfigurationList;
			buildConfigurations = (
				104FEC4815F85CAF00039D90 /* Debug */,
				104FEC4915F85CAF00039D90 /* Release */,
			);
			defaultConfigurationIsVisible = 0;
			defaultConfigurationName = Release;
		};
/* End XCConfigurationList section */
	};
	rootObject = 104FEC2015F85CAF00039D90 /* Project object */;
}
